
Microsoft Visual Studio Solution File, Format Version 12.00
# Visual Studio Version 17
VisualStudioVersion = 17.8.34309.116
MinimumVisualStudioVersion = 10.0.40219.1
Project("{FAE04EC0-301F-11D3-BF4B-00C04F79EFBC}") = "infowsoftware-www", "infowsoftware-www\infowsoftware-www.csproj", "{13A875BA-DE56-4DAE-96EB-70A36A7E3D50}"
EndProject
Global
	GlobalSection(SolutionConfigurationPlatforms) = preSolution
		Debug|Any CPU = Debug|Any CPU
		Release|Any CPU = Release|Any CPU
	EndGlobalSection
	GlobalSection(ProjectConfigurationPlatforms) = postSolution
		{13A875BA-DE56-4DAE-96EB-70A36A7E3D50}.Debug|Any CPU.ActiveCfg = Debug|Any CPU
		{13A875BA-DE56-4DAE-96EB-70A36A7E3D50}.Debug|Any CPU.Build.0 = Debug|Any CPU
		{13A875BA-DE56-4DAE-96EB-70A36A7E3D50}.Release|Any CPU.ActiveCfg = Release|Any CPU
		{13A875BA-DE56-4DAE-96EB-70A36A7E3D50}.Release|Any CPU.Build.0 = Release|Any CPU
	EndGlobalSection
	GlobalSection(SolutionProperties) = preSolution
		HideSolutionNode = FALSE
	EndGlobalSection
	GlobalSection(ExtensibilityGlobals) = postSolution
		SolutionGuid = {A77931B8-F207-4403-8297-81B90202FCC3}
	EndGlobalSection
EndGlobal
